
Microsoft Visual Studio Solution File, Format Version 12.00
# Visual Studio 2012
Project("{FAE04EC0-301F-11D3-BF4B-00C04F79EFBC}") = "CtripData", "CtripData\CtripData.csproj", "{E9F01E21-67E4-4EC6-B2FA-51DD3CA91252}"
EndProject
Project("{FAE04EC0-301F-11D3-BF4B-00C04F79EFBC}") = "RecoverPrice", "RecoverPrice\RecoverPrice.csproj", "{3D4918E7-A419-486A-B46D-291322D1D973}"
EndProject
Global
	GlobalSection(SolutionConfigurationPlatforms) = preSolution
		Debug|Any CPU = Debug|Any CPU
		Debug|Mixed Platforms = Debug|Mixed Platforms
		Debug|x86 = Debug|x86
		Release|Any CPU = Release|Any CPU
		Release|Mixed Platforms = Release|Mixed Platforms
		Release|x86 = Release|x86
	EndGlobalSection
	GlobalSection(ProjectConfigurationPlatforms) = postSolution
		{E9F01E21-67E4-4EC6-B2FA-51DD3CA91252}.Debug|Any CPU.ActiveCfg = Debug|x86
		{E9F01E21-67E4-4EC6-B2FA-51DD3CA91252}.Debug|Mixed Platforms.ActiveCfg = Debug|x86
		{E9F01E21-67E4-4EC6-B2FA-51DD3CA91252}.Debug|Mixed Platforms.Build.0 = Debug|x86
		{E9F01E21-67E4-4EC6-B2FA-51DD3CA91252}.Debug|x86.ActiveCfg = Debug|x86
		{E9F01E21-67E4-4EC6-B2FA-51DD3CA91252}.Debug|x86.Build.0 = Debug|x86
		{E9F01E21-67E4-4EC6-B2FA-51DD3CA91252}.Release|Any CPU.ActiveCfg = Release|x86
		{E9F01E21-67E4-4EC6-B2FA-51DD3CA91252}.Release|Mixed Platforms.ActiveCfg = Release|x86
		{E9F01E21-67E4-4EC6-B2FA-51DD3CA91252}.Release|Mixed Platforms.Build.0 = Release|x86
		{E9F01E21-67E4-4EC6-B2FA-51DD3CA91252}.Release|x86.ActiveCfg = Release|x86
		{E9F01E21-67E4-4EC6-B2FA-51DD3CA91252}.Release|x86.Build.0 = Release|x86
		{3D4918E7-A419-486A-B46D-291322D1D973}.Debug|Any CPU.ActiveCfg = Debug|Any CPU
		{3D4918E7-A419-486A-B46D-291322D1D973}.Debug|Any CPU.Build.0 = Debug|Any CPU
		{3D4918E7-A419-486A-B46D-291322D1D973}.Debug|Mixed Platforms.ActiveCfg = Debug|Any CPU
		{3D4918E7-A419-486A-B46D-291322D1D973}.Debug|Mixed Platforms.Build.0 = Debug|Any CPU
		{3D4918E7-A419-486A-B46D-291322D1D973}.Debug|x86.ActiveCfg = Debug|Any CPU
		{3D4918E7-A419-486A-B46D-291322D1D973}.Release|Any CPU.ActiveCfg = Release|Any CPU
		{3D4918E7-A419-486A-B46D-291322D1D973}.Release|Any CPU.Build.0 = Release|Any CPU
		{3D4918E7-A419-486A-B46D-291322D1D973}.Release|Mixed Platforms.ActiveCfg = Release|Any CPU
		{3D4918E7-A419-486A-B46D-291322D1D973}.Release|Mixed Platforms.Build.0 = Release|Any CPU
		{3D4918E7-A419-486A-B46D-291322D1D973}.Release|x86.ActiveCfg = Release|Any CPU
	EndGlobalSection
	GlobalSection(SolutionProperties) = preSolution
		HideSolutionNode = FALSE
	EndGlobalSection
EndGlobal
